
Microsoft Visual Studio Solution File, Format Version 12.00
# Visual Studio Version 17
VisualStudioVersion = 17.10.35013.160
MinimumVisualStudioVersion = 10.0.40219.1
Project("{FAE04EC0-301F-11D3-BF4B-00C04F79EFBC}") = "Task2", "Task2\Task2.csproj", "{2E3EB407-9D64-4A49-86C3-02360CE4F4B8}"
EndProject
Global
	GlobalSection(SolutionConfigurationPlatforms) = preSolution
		Debug|Any CPU = Debug|Any CPU
		Release|Any CPU = Release|Any CPU
	EndGlobalSection
	GlobalSection(ProjectConfigurationPlatforms) = postSolution
		{2E3EB407-9D64-4A49-86C3-02360CE4F4B8}.Debug|Any CPU.ActiveCfg = Debug|Any CPU
		{2E3EB407-9D64-4A49-86C3-02360CE4F4B8}.Debug|Any CPU.Build.0 = Debug|Any CPU
		{2E3EB407-9D64-4A49-86C3-02360CE4F4B8}.Release|Any CPU.ActiveCfg = Release|Any CPU
		{2E3EB407-9D64-4A49-86C3-02360CE4F4B8}.Release|Any CPU.Build.0 = Release|Any CPU
	EndGlobalSection
	GlobalSection(SolutionProperties) = preSolution
		HideSolutionNode = FALSE
	EndGlobalSection
	GlobalSection(ExtensibilityGlobals) = postSolution
		SolutionGuid = {34B90812-BABE-4D3B-A744-59D1FB3F5B91}
	EndGlobalSection
EndGlobal
